{
  "name": "@motorcycle/stream",
  "version": "0.0.0",
  "lockfileVersion": 1,
  "dependencies": {
    "167": {
      "version": "0.30.0",
      "resolved": "https://registry.npmjs.org/167/-/167-0.30.0.tgz",
      "integrity": "sha512-AEo832OFqEa06ybDW1tpXvv2xLql9I9lFAnSDEtboZQR0JGdynFVbwoNXa3wZ3OghmipZwcw4JavLRdPBYzcmg=="
    }
  }
}
